
Microsoft Visual Studio Solution File, Format Version 12.00
# Visual Studio 2013
VisualStudioVersion = 12.0.31101.0
MinimumVisualStudioVersion = 10.0.40219.1
Project("{2150E333-8FDC-42A3-9474-1A3956D46DE8}") = "ActivityCenterWeb", "ActivityCenterWeb", "{1C826FB4-F8CA-4E0C-ABA0-4AB6D0FAA5D2}"
EndProject
Project("{2150E333-8FDC-42A3-9474-1A3956D46DE8}") = "CodesTables", "CodesTables", "{ED780373-D78F-4C68-A42D-77E056B1B3B0}"
EndProject
Project("{2150E333-8FDC-42A3-9474-1A3956D46DE8}") = "Data", "Data", "{922669DC-D796-4908-8213-7DDD3E1555C1}"
EndProject
Project("{2150E333-8FDC-42A3-9474-1A3956D46DE8}") = "StoredProcedures", "StoredProcedures", "{06BC4BC5-F1D1-437E-9760-B5EF8E323EF3}"
EndProject
Project("{2150E333-8FDC-42A3-9474-1A3956D46DE8}") = "TableUpgrageScripts", "TableUpgrageScripts", "{E1631C07-18B3-4E8F-872D-01659AAD48EA}"
EndProject
Project("{2150E333-8FDC-42A3-9474-1A3956D46DE8}") = "TableCreateScripts", "TableCreateScripts", "{264F9468-8ABB-4D97-980C-11684D64137F}"
	ProjectSection(SolutionItems) = preProject
		Create_All_Tables.sql = Create_All_Tables.sql
	EndProjectSection
EndProject
Project("{2150E333-8FDC-42A3-9474-1A3956D46DE8}") = "Data", "Data", "{E707998C-B5AE-4A93-BE8A-C4449F95FA7C}"
EndProject
Project("{2150E333-8FDC-42A3-9474-1A3956D46DE8}") = "TableCreateScripts", "TableCreateScripts", "{AE0E0CAA-FFE2-4C02-BA79-37EF3C401AC6}"
EndProject
Global
	GlobalSection(SolutionProperties) = preSolution
		HideSolutionNode = FALSE
	EndGlobalSection
	GlobalSection(NestedProjects) = preSolution
		{922669DC-D796-4908-8213-7DDD3E1555C1} = {1C826FB4-F8CA-4E0C-ABA0-4AB6D0FAA5D2}
		{06BC4BC5-F1D1-437E-9760-B5EF8E323EF3} = {1C826FB4-F8CA-4E0C-ABA0-4AB6D0FAA5D2}
		{E1631C07-18B3-4E8F-872D-01659AAD48EA} = {1C826FB4-F8CA-4E0C-ABA0-4AB6D0FAA5D2}
		{264F9468-8ABB-4D97-980C-11684D64137F} = {1C826FB4-F8CA-4E0C-ABA0-4AB6D0FAA5D2}
		{E707998C-B5AE-4A93-BE8A-C4449F95FA7C} = {ED780373-D78F-4C68-A42D-77E056B1B3B0}
		{AE0E0CAA-FFE2-4C02-BA79-37EF3C401AC6} = {ED780373-D78F-4C68-A42D-77E056B1B3B0}
	EndGlobalSection
EndGlobal
